
Microsoft Visual Studio Solution File, Format Version 12.00
Project("{2150E333-8FDC-42A3-9474-1A3956D46DE8}") = "Builder", "Builder", "{33063218-F74D-421F-92F7-6C452B688864}"
EndProject
Project("{FAE04EC0-301F-11D3-BF4B-00C04F79EFBC}") = "Builder", "Builder\Builder.csproj", "{D9C6B21E-04C2-42C8-997E-1EF554D98573}"
EndProject
Project("{2150E333-8FDC-42A3-9474-1A3956D46DE8}") = "Factory", "Factory", "{B52DAEBE-AF1E-41F8-8314-27FA4B93E32C}"
EndProject
Project("{FAE04EC0-301F-11D3-BF4B-00C04F79EFBC}") = "Factory", "Factory\Factory.csproj", "{2928F488-0842-46D7-9BEC-A8DB7F57FB07}"
EndProject
Project("{2150E333-8FDC-42A3-9474-1A3956D46DE8}") = "Singleton", "Singleton", "{EE013328-C1C1-4E11-AF2C-B8F89A30C902}"
EndProject
Project("{FAE04EC0-301F-11D3-BF4B-00C04F79EFBC}") = "Singleton", "Singleton\Singleton\Singleton.csproj", "{C202E13E-B405-4B21-9F32-FE3A9BA340FA}"
EndProject
Project("{2150E333-8FDC-42A3-9474-1A3956D46DE8}") = "AbstractFactory", "AbstractFactory", "{63D8B5D3-59AB-4E4D-BC8C-5BE035CEBC29}"
EndProject
Project("{FAE04EC0-301F-11D3-BF4B-00C04F79EFBC}") = "AbstractFactory", "AbstractFactory\AbstractFactory.csproj", "{D240474F-7A55-43CA-940E-E2ECC8AC9EFF}"
EndProject
Project("{FAE04EC0-301F-11D3-BF4B-00C04F79EFBC}") = "Transportations", "Transportations\Transportations.csproj", "{F8888350-C3FA-4F45-8E82-21C444F66DA2}"
EndProject
Project("{FAE04EC0-301F-11D3-BF4B-00C04F79EFBC}") = "WithoutFactory", "WithoutFactory\WithoutFactory.csproj", "{63C36666-4D86-4D95-8F8B-CDAC4270F3EC}"
EndProject
Project("{FAE04EC0-301F-11D3-BF4B-00C04F79EFBC}") = "WithFactory", "WithFactory\WithFactory.csproj", "{81E84279-2661-4589-82D2-ED9B5810F9C3}"
EndProject
Global
	GlobalSection(SolutionConfigurationPlatforms) = preSolution
		Debug|Any CPU = Debug|Any CPU
		Release|Any CPU = Release|Any CPU
	EndGlobalSection
	GlobalSection(ProjectConfigurationPlatforms) = postSolution
		{D9C6B21E-04C2-42C8-997E-1EF554D98573}.Debug|Any CPU.ActiveCfg = Debug|Any CPU
		{D9C6B21E-04C2-42C8-997E-1EF554D98573}.Debug|Any CPU.Build.0 = Debug|Any CPU
		{D9C6B21E-04C2-42C8-997E-1EF554D98573}.Release|Any CPU.ActiveCfg = Release|Any CPU
		{D9C6B21E-04C2-42C8-997E-1EF554D98573}.Release|Any CPU.Build.0 = Release|Any CPU
		{2928F488-0842-46D7-9BEC-A8DB7F57FB07}.Debug|Any CPU.ActiveCfg = Debug|Any CPU
		{2928F488-0842-46D7-9BEC-A8DB7F57FB07}.Debug|Any CPU.Build.0 = Debug|Any CPU
		{2928F488-0842-46D7-9BEC-A8DB7F57FB07}.Release|Any CPU.ActiveCfg = Release|Any CPU
		{2928F488-0842-46D7-9BEC-A8DB7F57FB07}.Release|Any CPU.Build.0 = Release|Any CPU
		{C202E13E-B405-4B21-9F32-FE3A9BA340FA}.Debug|Any CPU.ActiveCfg = Debug|Any CPU
		{C202E13E-B405-4B21-9F32-FE3A9BA340FA}.Debug|Any CPU.Build.0 = Debug|Any CPU
		{C202E13E-B405-4B21-9F32-FE3A9BA340FA}.Release|Any CPU.ActiveCfg = Release|Any CPU
		{C202E13E-B405-4B21-9F32-FE3A9BA340FA}.Release|Any CPU.Build.0 = Release|Any CPU
		{D240474F-7A55-43CA-940E-E2ECC8AC9EFF}.Debug|Any CPU.ActiveCfg = Debug|Any CPU
		{D240474F-7A55-43CA-940E-E2ECC8AC9EFF}.Debug|Any CPU.Build.0 = Debug|Any CPU
		{D240474F-7A55-43CA-940E-E2ECC8AC9EFF}.Release|Any CPU.ActiveCfg = Release|Any CPU
		{D240474F-7A55-43CA-940E-E2ECC8AC9EFF}.Release|Any CPU.Build.0 = Release|Any CPU
		{F8888350-C3FA-4F45-8E82-21C444F66DA2}.Debug|Any CPU.ActiveCfg = Debug|Any CPU
		{F8888350-C3FA-4F45-8E82-21C444F66DA2}.Debug|Any CPU.Build.0 = Debug|Any CPU
		{F8888350-C3FA-4F45-8E82-21C444F66DA2}.Release|Any CPU.ActiveCfg = Release|Any CPU
		{F8888350-C3FA-4F45-8E82-21C444F66DA2}.Release|Any CPU.Build.0 = Release|Any CPU
		{63C36666-4D86-4D95-8F8B-CDAC4270F3EC}.Debug|Any CPU.ActiveCfg = Debug|Any CPU
		{63C36666-4D86-4D95-8F8B-CDAC4270F3EC}.Debug|Any CPU.Build.0 = Debug|Any CPU
		{63C36666-4D86-4D95-8F8B-CDAC4270F3EC}.Release|Any CPU.ActiveCfg = Release|Any CPU
		{63C36666-4D86-4D95-8F8B-CDAC4270F3EC}.Release|Any CPU.Build.0 = Release|Any CPU
		{81E84279-2661-4589-82D2-ED9B5810F9C3}.Debug|Any CPU.ActiveCfg = Debug|Any CPU
		{81E84279-2661-4589-82D2-ED9B5810F9C3}.Debug|Any CPU.Build.0 = Debug|Any CPU
		{81E84279-2661-4589-82D2-ED9B5810F9C3}.Release|Any CPU.ActiveCfg = Release|Any CPU
		{81E84279-2661-4589-82D2-ED9B5810F9C3}.Release|Any CPU.Build.0 = Release|Any CPU
	EndGlobalSection
	GlobalSection(NestedProjects) = preSolution
		{D9C6B21E-04C2-42C8-997E-1EF554D98573} = {33063218-F74D-421F-92F7-6C452B688864}
		{2928F488-0842-46D7-9BEC-A8DB7F57FB07} = {B52DAEBE-AF1E-41F8-8314-27FA4B93E32C}
		{C202E13E-B405-4B21-9F32-FE3A9BA340FA} = {EE013328-C1C1-4E11-AF2C-B8F89A30C902}
		{D240474F-7A55-43CA-940E-E2ECC8AC9EFF} = {63D8B5D3-59AB-4E4D-BC8C-5BE035CEBC29}
		{F8888350-C3FA-4F45-8E82-21C444F66DA2} = {B52DAEBE-AF1E-41F8-8314-27FA4B93E32C}
		{63C36666-4D86-4D95-8F8B-CDAC4270F3EC} = {B52DAEBE-AF1E-41F8-8314-27FA4B93E32C}
		{81E84279-2661-4589-82D2-ED9B5810F9C3} = {B52DAEBE-AF1E-41F8-8314-27FA4B93E32C}
	EndGlobalSection
EndGlobal
